// !$*UTF8*$!
{
	archiveVersion = 1;
	classes = {
	};
	objectVersion = 56;
	objects = {

/* Begin PBXBuildFile section */
		E4083E7A2BE926BA004CEBE9 /* FeedCellView.swift in Sources */ = {isa = PBXBuildFile; fileRef = E4083E792BE926BA004CEBE9 /* FeedCellView.swift */; };
		E4083E7C2BE928F3004CEBE9 /* DevelopPreview.swift in Sources */ = {isa = PBXBuildFile; fileRef = E4083E7B2BE928F3004CEBE9 /* DevelopPreview.swift */; };
		E4083E7E2BE92ADC004CEBE9 /* FeedView.swift in Sources */ = {isa = PBXBuildFile; fileRef = E4083E7D2BE92ADC004CEBE9 /* FeedView.swift */; };
		E4083E802BE92BE3004CEBE9 /* ProjectDetailCell.swift in Sources */ = {isa = PBXBuildFile; fileRef = E4083E7F2BE92BE3004CEBE9 /* ProjectDetailCell.swift */; };
		E4083E822BE931FC004CEBE9 /* GradientIconButton.swift in Sources */ = {isa = PBXBuildFile; fileRef = E4083E812BE931FC004CEBE9 /* GradientIconButton.swift */; };
		E4083E842BE93A9E004CEBE9 /* DailyReportCell.swift in Sources */ = {isa = PBXBuildFile; fileRef = E4083E832BE93A9E004CEBE9 /* DailyReportCell.swift */; };
		E4083E862BE93C0D004CEBE9 /* DailyReportCard.swift in Sources */ = {isa = PBXBuildFile; fileRef = E4083E852BE93C0D004CEBE9 /* DailyReportCard.swift */; };
		E4083E882BE93F01004CEBE9 /* DailyReportSetUp.swift in Sources */ = {isa = PBXBuildFile; fileRef = E4083E872BE93F01004CEBE9 /* DailyReportSetUp.swift */; };
		E4083E8A2BE93F87004CEBE9 /* DailyReportViewModel.swift in Sources */ = {isa = PBXBuildFile; fileRef = E4083E892BE93F87004CEBE9 /* DailyReportViewModel.swift */; };
		E4083E8C2BE98859004CEBE9 /* DailyReportView.swift in Sources */ = {isa = PBXBuildFile; fileRef = E4083E8B2BE98859004CEBE9 /* DailyReportView.swift */; };
		E4083E8E2BE98CEB004CEBE9 /* SafetyModel.swift in Sources */ = {isa = PBXBuildFile; fileRef = E4083E8D2BE98CEB004CEBE9 /* SafetyModel.swift */; };
		E4083E902BE98DBA004CEBE9 /* InsiteSafetyView.swift in Sources */ = {isa = PBXBuildFile; fileRef = E4083E8F2BE98DBA004CEBE9 /* InsiteSafetyView.swift */; };
		E4083E922BE9914D004CEBE9 /* HazardDetailView.swift in Sources */ = {isa = PBXBuildFile; fileRef = E4083E912BE9914D004CEBE9 /* HazardDetailView.swift */; };
		E4083E942BEA8BEA004CEBE9 /* PotentialHazardModel.swift in Sources */ = {isa = PBXBuildFile; fileRef = E4083E932BEA8BEA004CEBE9 /* PotentialHazardModel.swift */; };
		E4083E962BEA90B8004CEBE9 /* PotentialHazardView.swift in Sources */ = {isa = PBXBuildFile; fileRef = E4083E952BEA90B8004CEBE9 /* PotentialHazardView.swift */; };
		E41BCEFB2BE57794002A9256 /* ProjectViewModel.swift in Sources */ = {isa = PBXBuildFile; fileRef = E41BCEFA2BE57794002A9256 /* ProjectViewModel.swift */; };
		E41BCEFD2BE578CD002A9256 /* ImageUploaderService.swift in Sources */ = {isa = PBXBuildFile; fileRef = E41BCEFC2BE578CD002A9256 /* ImageUploaderService.swift */; };
		E41BCEFF2BE57A4F002A9256 /* ThreadsTextFieldModifier.swift in Sources */ = {isa = PBXBuildFile; fileRef = E41BCEFE2BE57A4F002A9256 /* ThreadsTextFieldModifier.swift */; };
		E44DB3122BE3E34900A72295 /* DailyReport_V1App.swift in Sources */ = {isa = PBXBuildFile; fileRef = E44DB3112BE3E34900A72295 /* DailyReport_V1App.swift */; };
		E44DB3142BE3E34900A72295 /* ContentView.swift in Sources */ = {isa = PBXBuildFile; fileRef = E44DB3132BE3E34900A72295 /* ContentView.swift */; };
		E44DB3162BE3E34D00A72295 /* Assets.xcassets in Resources */ = {isa = PBXBuildFile; fileRef = E44DB3152BE3E34D00A72295 /* Assets.xcassets */; };
		E44DB3192BE3E34D00A72295 /* Preview Assets.xcassets in Resources */ = {isa = PBXBuildFile; fileRef = E44DB3182BE3E34D00A72295 /* Preview Assets.xcassets */; };
		E44DB3232BE3E34D00A72295 /* DailyReport_V1Tests.swift in Sources */ = {isa = PBXBuildFile; fileRef = E44DB3222BE3E34D00A72295 /* DailyReport_V1Tests.swift */; };
		E44DB32D2BE3E34D00A72295 /* DailyReport_V1UITests.swift in Sources */ = {isa = PBXBuildFile; fileRef = E44DB32C2BE3E34D00A72295 /* DailyReport_V1UITests.swift */; };
		E44DB32F2BE3E34D00A72295 /* DailyReport_V1UITestsLaunchTests.swift in Sources */ = {isa = PBXBuildFile; fileRef = E44DB32E2BE3E34D00A72295 /* DailyReport_V1UITestsLaunchTests.swift */; };
		E44DB33D2BE3F25300A72295 /* GoogleSignIn in Frameworks */ = {isa = PBXBuildFile; productRef = E44DB33C2BE3F25300A72295 /* GoogleSignIn */; };
		E44DB33F2BE3F25300A72295 /* GoogleSignInSwift in Frameworks */ = {isa = PBXBuildFile; productRef = E44DB33E2BE3F25300A72295 /* GoogleSignInSwift */; };
		E44DB3422BE3F2A900A72295 /* Kingfisher in Frameworks */ = {isa = PBXBuildFile; productRef = E44DB3412BE3F2A900A72295 /* Kingfisher */; };
		E44DB3462BE3F40600A72295 /* FirebaseAuth in Frameworks */ = {isa = PBXBuildFile; productRef = E44DB3452BE3F40600A72295 /* FirebaseAuth */; };
		E44DB3482BE3F40C00A72295 /* FirebaseDatabase in Frameworks */ = {isa = PBXBuildFile; productRef = E44DB3472BE3F40C00A72295 /* FirebaseDatabase */; };
		E44DB34A2BE3F41100A72295 /* FirebaseDatabaseSwift in Frameworks */ = {isa = PBXBuildFile; productRef = E44DB3492BE3F41100A72295 /* FirebaseDatabaseSwift */; };
		E44DB34C2BE3F41600A72295 /* FirebaseFirestore in Frameworks */ = {isa = PBXBuildFile; productRef = E44DB34B2BE3F41600A72295 /* FirebaseFirestore */; };
		E44DB34E2BE3F41D00A72295 /* FirebaseFirestoreSwift in Frameworks */ = {isa = PBXBuildFile; productRef = E44DB34D2BE3F41D00A72295 /* FirebaseFirestoreSwift */; };
		E44DB3502BE3F42600A72295 /* FirebaseStorage in Frameworks */ = {isa = PBXBuildFile; productRef = E44DB34F2BE3F42600A72295 /* FirebaseStorage */; };
		E44DB3542BE3F59F00A72295 /* GoogleService-Info.plist in Resources */ = {isa = PBXBuildFile; fileRef = E44DB3532BE3F59F00A72295 /* GoogleService-Info.plist */; };
		E44DB35D2BE3F9F300A72295 /* VisualEffectBlur.swift in Sources */ = {isa = PBXBuildFile; fileRef = E44DB35C2BE3F9F300A72295 /* VisualEffectBlur.swift */; };
		E44DB35F2BE3FA3900A72295 /* TextFrameViewModifier.swift in Sources */ = {isa = PBXBuildFile; fileRef = E44DB35E2BE3FA3900A72295 /* TextFrameViewModifier.swift */; };
		E44DB3622BE3FAA000A72295 /* UserModel.swift in Sources */ = {isa = PBXBuildFile; fileRef = E44DB3612BE3FAA000A72295 /* UserModel.swift */; };
		E44DB3642BE3FB0200A72295 /* DailySiteModel.swift in Sources */ = {isa = PBXBuildFile; fileRef = E44DB3632BE3FB0200A72295 /* DailySiteModel.swift */; };
		E44DB3662BE3FB7700A72295 /* ProjectModel.swift in Sources */ = {isa = PBXBuildFile; fileRef = E44DB3652BE3FB7700A72295 /* ProjectModel.swift */; };
		E44DB3682BE3FC0700A72295 /* CircularProfileImageView.swift in Sources */ = {isa = PBXBuildFile; fileRef = E44DB3672BE3FC0700A72295 /* CircularProfileImageView.swift */; };
		E44DB36A2BE3FD3200A72295 /* CustomTextFieldButton.swift in Sources */ = {isa = PBXBuildFile; fileRef = E44DB3692BE3FD3200A72295 /* CustomTextFieldButton.swift */; };
		E44DB36C2BE3FEA200A72295 /* ImagePicker.swift in Sources */ = {isa = PBXBuildFile; fileRef = E44DB36B2BE3FEA200A72295 /* ImagePicker.swift */; };
		E44DB36E2BE3FEEA00A72295 /* ProjectMenuRow.swift in Sources */ = {isa = PBXBuildFile; fileRef = E44DB36D2BE3FEEA00A72295 /* ProjectMenuRow.swift */; };
		E44DB3702BE3FFB300A72295 /* AnimationButton.swift in Sources */ = {isa = PBXBuildFile; fileRef = E44DB36F2BE3FFB300A72295 /* AnimationButton.swift */; };
		E44DB3722BE400C200A72295 /* Constants.swift in Sources */ = {isa = PBXBuildFile; fileRef = E44DB3712BE400C200A72295 /* Constants.swift */; };
		E44DB3742BE400F800A72295 /* AuthService.swift in Sources */ = {isa = PBXBuildFile; fileRef = E44DB3732BE400F800A72295 /* AuthService.swift */; };
		E44DB3762BE4013500A72295 /* UserService.swift in Sources */ = {isa = PBXBuildFile; fileRef = E44DB3752BE4013500A72295 /* UserService.swift */; };
		E44DB3792BE417E300A72295 /* LoginView.swift in Sources */ = {isa = PBXBuildFile; fileRef = E44DB3782BE417E300A72295 /* LoginView.swift */; };
		E44DB37B2BE417EE00A72295 /* RegistrationView.swift in Sources */ = {isa = PBXBuildFile; fileRef = E44DB37A2BE417EE00A72295 /* RegistrationView.swift */; };
		E44DB37D2BE4180100A72295 /* ResetPasswordView.swift in Sources */ = {isa = PBXBuildFile; fileRef = E44DB37C2BE4180100A72295 /* ResetPasswordView.swift */; };
		E44DB37F2BE41B8B00A72295 /* LoginViewModel.swift in Sources */ = {isa = PBXBuildFile; fileRef = E44DB37E2BE41B8B00A72295 /* LoginViewModel.swift */; };
		E44DB3812BE41C1700A72295 /* RegistrationViewModel.swift in Sources */ = {isa = PBXBuildFile; fileRef = E44DB3802BE41C1700A72295 /* RegistrationViewModel.swift */; };
		E44DB3832BE4356E00A72295 /* MainTabView.swift in Sources */ = {isa = PBXBuildFile; fileRef = E44DB3822BE4356E00A72295 /* MainTabView.swift */; };
		E44DB3872BE4363A00A72295 /* ProjectSetup.swift in Sources */ = {isa = PBXBuildFile; fileRef = E44DB3862BE4363A00A72295 /* ProjectSetup.swift */; };
		E44DB3892BE437B900A72295 /* PotentialHazardViewModel.swift in Sources */ = {isa = PBXBuildFile; fileRef = E44DB3882BE437B900A72295 /* PotentialHazardViewModel.swift */; };
		E44DB38B2BE4386E00A72295 /* UserProfileView.swift in Sources */ = {isa = PBXBuildFile; fileRef = E44DB38A2BE4386E00A72295 /* UserProfileView.swift */; };
		E44DB38D2BE4392F00A72295 /* ContentViewModel.swift in Sources */ = {isa = PBXBuildFile; fileRef = E44DB38C2BE4392F00A72295 /* ContentViewModel.swift */; };
		E44DB38F2BE43BA300A72295 /* CurrentUserProfileViewModel.swift in Sources */ = {isa = PBXBuildFile; fileRef = E44DB38E2BE43BA300A72295 /* CurrentUserProfileViewModel.swift */; };
/* End PBXBuildFile section */

/* Begin PBXContainerItemProxy section */
		E44DB31F2BE3E34D00A72295 /* PBXContainerItemProxy */ = {
			isa = PBXContainerItemProxy;
			containerPortal = E44DB3062BE3E34900A72295 /* Project object */;
			proxyType = 1;
			remoteGlobalIDString = E44DB30D2BE3E34900A72295;
			remoteInfo = "DailyReport V1";
		};
		E44DB3292BE3E34D00A72295 /* PBXContainerItemProxy */ = {
			isa = PBXContainerItemProxy;
			containerPortal = E44DB3062BE3E34900A72295 /* Project object */;
			proxyType = 1;
			remoteGlobalIDString = E44DB30D2BE3E34900A72295;
			remoteInfo = "DailyReport V1";
		};
/* End PBXContainerItemProxy section */

/* Begin PBXFileReference section */
		E4083E792BE926BA004CEBE9 /* FeedCellView.swift */ = {isa = PBXFileReference; lastKnownFileType = sourcecode.swift; path = FeedCellView.swift; sourceTree = "<group>"; };
		E4083E7B2BE928F3004CEBE9 /* DevelopPreview.swift */ = {isa = PBXFileReference; lastKnownFileType = sourcecode.swift; path = DevelopPreview.swift; sourceTree = "<group>"; };
		E4083E7D2BE92ADC004CEBE9 /* FeedView.swift */ = {isa = PBXFileReference; lastKnownFileType = sourcecode.swift; path = FeedView.swift; sourceTree = "<group>"; };
		E4083E7F2BE92BE3004CEBE9 /* ProjectDetailCell.swift */ = {isa = PBXFileReference; lastKnownFileType = sourcecode.swift; path = ProjectDetailCell.swift; sourceTree = "<group>"; };
		E4083E812BE931FC004CEBE9 /* GradientIconButton.swift */ = {isa = PBXFileReference; lastKnownFileType = sourcecode.swift; path = GradientIconButton.swift; sourceTree = "<group>"; };
		E4083E832BE93A9E004CEBE9 /* DailyReportCell.swift */ = {isa = PBXFileReference; lastKnownFileType = sourcecode.swift; path = DailyReportCell.swift; sourceTree = "<group>"; };
		E4083E852BE93C0D004CEBE9 /* DailyReportCard.swift */ = {isa = PBXFileReference; lastKnownFileType = sourcecode.swift; path = DailyReportCard.swift; sourceTree = "<group>"; };
		E4083E872BE93F01004CEBE9 /* DailyReportSetUp.swift */ = {isa = PBXFileReference; lastKnownFileType = sourcecode.swift; path = DailyReportSetUp.swift; sourceTree = "<group>"; };
		E4083E892BE93F87004CEBE9 /* DailyReportViewModel.swift */ = {isa = PBXFileReference; lastKnownFileType = sourcecode.swift; path = DailyReportViewModel.swift; sourceTree = "<group>"; };
		E4083E8B2BE98859004CEBE9 /* DailyReportView.swift */ = {isa = PBXFileReference; lastKnownFileType = sourcecode.swift; path = DailyReportView.swift; sourceTree = "<group>"; };
		E4083E8D2BE98CEB004CEBE9 /* SafetyModel.swift */ = {isa = PBXFileReference; lastKnownFileType = sourcecode.swift; path = SafetyModel.swift; sourceTree = "<group>"; };
		E4083E8F2BE98DBA004CEBE9 /* InsiteSafetyView.swift */ = {isa = PBXFileReference; lastKnownFileType = sourcecode.swift; path = InsiteSafetyView.swift; sourceTree = "<group>"; };
		E4083E912BE9914D004CEBE9 /* HazardDetailView.swift */ = {isa = PBXFileReference; lastKnownFileType = sourcecode.swift; path = HazardDetailView.swift; sourceTree = "<group>"; };
		E4083E932BEA8BEA004CEBE9 /* PotentialHazardModel.swift */ = {isa = PBXFileReference; lastKnownFileType = sourcecode.swift; path = PotentialHazardModel.swift; sourceTree = "<group>"; };
		E4083E952BEA90B8004CEBE9 /* PotentialHazardView.swift */ = {isa = PBXFileReference; lastKnownFileType = sourcecode.swift; path = PotentialHazardView.swift; sourceTree = "<group>"; };
		E41BCEFA2BE57794002A9256 /* ProjectViewModel.swift */ = {isa = PBXFileReference; lastKnownFileType = sourcecode.swift; path = ProjectViewModel.swift; sourceTree = "<group>"; };
		E41BCEFC2BE578CD002A9256 /* ImageUploaderService.swift */ = {isa = PBXFileReference; lastKnownFileType = sourcecode.swift; path = ImageUploaderService.swift; sourceTree = "<group>"; };
		E41BCEFE2BE57A4F002A9256 /* ThreadsTextFieldModifier.swift */ = {isa = PBXFileReference; lastKnownFileType = sourcecode.swift; path = ThreadsTextFieldModifier.swift; sourceTree = "<group>"; };
		E44DB30E2BE3E34900A72295 /* DailyReport V1.app */ = {isa = PBXFileReference; explicitFileType = wrapper.application; includeInIndex = 0; path = "DailyReport V1.app"; sourceTree = BUILT_PRODUCTS_DIR; };
		E44DB3112BE3E34900A72295 /* DailyReport_V1App.swift */ = {isa = PBXFileReference; lastKnownFileType = sourcecode.swift; path = DailyReport_V1App.swift; sourceTree = "<group>"; };
		E44DB3132BE3E34900A72295 /* ContentView.swift */ = {isa = PBXFileReference; lastKnownFileType = sourcecode.swift; path = ContentView.swift; sourceTree = "<group>"; };
		E44DB3152BE3E34D00A72295 /* Assets.xcassets */ = {isa = PBXFileReference; lastKnownFileType = folder.assetcatalog; path = Assets.xcassets; sourceTree = "<group>"; };
		E44DB3182BE3E34D00A72295 /* Preview Assets.xcassets */ = {isa = PBXFileReference; lastKnownFileType = folder.assetcatalog; path = "Preview Assets.xcassets"; sourceTree = "<group>"; };
		E44DB31E2BE3E34D00A72295 /* DailyReport V1Tests.xctest */ = {isa = PBXFileReference; explicitFileType = wrapper.cfbundle; includeInIndex = 0; path = "DailyReport V1Tests.xctest"; sourceTree = BUILT_PRODUCTS_DIR; };
		E44DB3222BE3E34D00A72295 /* DailyReport_V1Tests.swift */ = {isa = PBXFileReference; lastKnownFileType = sourcecode.swift; path = DailyReport_V1Tests.swift; sourceTree = "<group>"; };
		E44DB3282BE3E34D00A72295 /* DailyReport V1UITests.xctest */ = {isa = PBXFileReference; explicitFileType = wrapper.cfbundle; includeInIndex = 0; path = "DailyReport V1UITests.xctest"; sourceTree = BUILT_PRODUCTS_DIR; };
		E44DB32C2BE3E34D00A72295 /* DailyReport_V1UITests.swift */ = {isa = PBXFileReference; lastKnownFileType = sourcecode.swift; path = DailyReport_V1UITests.swift; sourceTree = "<group>"; };
		E44DB32E2BE3E34D00A72295 /* DailyReport_V1UITestsLaunchTests.swift */ = {isa = PBXFileReference; lastKnownFileType = sourcecode.swift; path = DailyReport_V1UITestsLaunchTests.swift; sourceTree = "<group>"; };
		E44DB3532BE3F59F00A72295 /* GoogleService-Info.plist */ = {isa = PBXFileReference; fileEncoding = 4; lastKnownFileType = text.plist.xml; path = "GoogleService-Info.plist"; sourceTree = "<group>"; };
		E44DB35C2BE3F9F300A72295 /* VisualEffectBlur.swift */ = {isa = PBXFileReference; lastKnownFileType = sourcecode.swift; path = VisualEffectBlur.swift; sourceTree = "<group>"; };
		E44DB35E2BE3FA3900A72295 /* TextFrameViewModifier.swift */ = {isa = PBXFileReference; lastKnownFileType = sourcecode.swift; path = TextFrameViewModifier.swift; sourceTree = "<group>"; };
		E44DB3602BE3FA7700A72295 /* DailyReport-V1-Info.plist */ = {isa = PBXFileReference; lastKnownFileType = text.plist; path = "DailyReport-V1-Info.plist"; sourceTree = SOURCE_ROOT; };
		E44DB3612BE3FAA000A72295 /* UserModel.swift */ = {isa = PBXFileReference; lastKnownFileType = sourcecode.swift; path = UserModel.swift; sourceTree = "<group>"; };
		E44DB3632BE3FB0200A72295 /* DailySiteModel.swift */ = {isa = PBXFileReference; lastKnownFileType = sourcecode.swift; path = DailySiteModel.swift; sourceTree = "<group>"; };
		E44DB3652BE3FB7700A72295 /* ProjectModel.swift */ = {isa = PBXFileReference; lastKnownFileType = sourcecode.swift; path = ProjectModel.swift; sourceTree = "<group>"; };
		E44DB3672BE3FC0700A72295 /* CircularProfileImageView.swift */ = {isa = PBXFileReference; lastKnownFileType = sourcecode.swift; path = CircularProfileImageView.swift; sourceTree = "<group>"; };
		E44DB3692BE3FD3200A72295 /* CustomTextFieldButton.swift */ = {isa = PBXFileReference; lastKnownFileType = sourcecode.swift; path = CustomTextFieldButton.swift; sourceTree = "<group>"; };
		E44DB36B2BE3FEA200A72295 /* ImagePicker.swift */ = {isa = PBXFileReference; lastKnownFileType = sourcecode.swift; path = ImagePicker.swift; sourceTree = "<group>"; };
		E44DB36D2BE3FEEA00A72295 /* ProjectMenuRow.swift */ = {isa = PBXFileReference; lastKnownFileType = sourcecode.swift; path = ProjectMenuRow.swift; sourceTree = "<group>"; };
		E44DB36F2BE3FFB300A72295 /* AnimationButton.swift */ = {isa = PBXFileReference; lastKnownFileType = sourcecode.swift; path = AnimationButton.swift; sourceTree = "<group>"; };
		E44DB3712BE400C200A72295 /* Constants.swift */ = {isa = PBXFileReference; lastKnownFileType = sourcecode.swift; path = Constants.swift; sourceTree = "<group>"; };
		E44DB3732BE400F800A72295 /* AuthService.swift */ = {isa = PBXFileReference; lastKnownFileType = sourcecode.swift; path = AuthService.swift; sourceTree = "<group>"; };
		E44DB3752BE4013500A72295 /* UserService.swift */ = {isa = PBXFileReference; lastKnownFileType = sourcecode.swift; path = UserService.swift; sourceTree = "<group>"; };
		E44DB3782BE417E300A72295 /* LoginView.swift */ = {isa = PBXFileReference; lastKnownFileType = sourcecode.swift; path = LoginView.swift; sourceTree = "<group>"; };
		E44DB37A2BE417EE00A72295 /* RegistrationView.swift */ = {isa = PBXFileReference; lastKnownFileType = sourcecode.swift; path = RegistrationView.swift; sourceTree = "<group>"; };
		E44DB37C2BE4180100A72295 /* ResetPasswordView.swift */ = {isa = PBXFileReference; lastKnownFileType = sourcecode.swift; path = ResetPasswordView.swift; sourceTree = "<group>"; };
		E44DB37E2BE41B8B00A72295 /* LoginViewModel.swift */ = {isa = PBXFileReference; lastKnownFileType = sourcecode.swift; path = LoginViewModel.swift; sourceTree = "<group>"; };
		E44DB3802BE41C1700A72295 /* RegistrationViewModel.swift */ = {isa = PBXFileReference; lastKnownFileType = sourcecode.swift; path = RegistrationViewModel.swift; sourceTree = "<group>"; };
		E44DB3822BE4356E00A72295 /* MainTabView.swift */ = {isa = PBXFileReference; lastKnownFileType = sourcecode.swift; path = MainTabView.swift; sourceTree = "<group>"; };
		E44DB3862BE4363A00A72295 /* ProjectSetup.swift */ = {isa = PBXFileReference; lastKnownFileType = sourcecode.swift; path = ProjectSetup.swift; sourceTree = "<group>"; };
		E44DB3882BE437B900A72295 /* PotentialHazardViewModel.swift */ = {isa = PBXFileReference; lastKnownFileType = sourcecode.swift; path = PotentialHazardViewModel.swift; sourceTree = "<group>"; };
		E44DB38A2BE4386E00A72295 /* UserProfileView.swift */ = {isa = PBXFileReference; lastKnownFileType = sourcecode.swift; path = UserProfileView.swift; sourceTree = "<group>"; };
		E44DB38C2BE4392F00A72295 /* ContentViewModel.swift */ = {isa = PBXFileReference; lastKnownFileType = sourcecode.swift; path = ContentViewModel.swift; sourceTree = "<group>"; };
		E44DB38E2BE43BA300A72295 /* CurrentUserProfileViewModel.swift */ = {isa = PBXFileReference; lastKnownFileType = sourcecode.swift; path = CurrentUserProfileViewModel.swift; sourceTree = "<group>"; };
/* End PBXFileReference section */

/* Begin PBXFrameworksBuildPhase section */
		E44DB30B2BE3E34900A72295 /* Frameworks */ = {
			isa = PBXFrameworksBuildPhase;
			buildActionMask = 2147483647;
			files = (
				E44DB34A2BE3F41100A72295 /* FirebaseDatabaseSwift in Frameworks */,
				E44DB3482BE3F40C00A72295 /* FirebaseDatabase in Frameworks */,
				E44DB3502BE3F42600A72295 /* FirebaseStorage in Frameworks */,
				E44DB3422BE3F2A900A72295 /* Kingfisher in Frameworks */,
				E44DB33D2BE3F25300A72295 /* GoogleSignIn in Frameworks */,
				E44DB33F2BE3F25300A72295 /* GoogleSignInSwift in Frameworks */,
				E44DB3462BE3F40600A72295 /* FirebaseAuth in Frameworks */,
				E44DB34C2BE3F41600A72295 /* FirebaseFirestore in Frameworks */,
				E44DB34E2BE3F41D00A72295 /* FirebaseFirestoreSwift in Frameworks */,
			);
			runOnlyForDeploymentPostprocessing = 0;
		};
		E44DB31B2BE3E34D00A72295 /* Frameworks */ = {
			isa = PBXFrameworksBuildPhase;
			buildActionMask = 2147483647;
			files = (
			);
			runOnlyForDeploymentPostprocessing = 0;
		};
		E44DB3252BE3E34D00A72295 /* Frameworks */ = {
			isa = PBXFrameworksBuildPhase;
			buildActionMask = 2147483647;
			files = (
			);
			runOnlyForDeploymentPostprocessing = 0;
		};
/* End PBXFrameworksBuildPhase section */

/* Begin PBXGroup section */
		E44DB3052BE3E34900A72295 = {
			isa = PBXGroup;
			children = (
				E44DB3102BE3E34900A72295 /* DailyReport V1 */,
				E44DB3212BE3E34D00A72295 /* DailyReport V1Tests */,
				E44DB32B2BE3E34D00A72295 /* DailyReport V1UITests */,
				E44DB30F2BE3E34900A72295 /* Products */,
				E44DB3442BE3F40600A72295 /* Frameworks */,
			);
			sourceTree = "<group>";
		};
		E44DB30F2BE3E34900A72295 /* Products */ = {
			isa = PBXGroup;
			children = (
				E44DB30E2BE3E34900A72295 /* DailyReport V1.app */,
				E44DB31E2BE3E34D00A72295 /* DailyReport V1Tests.xctest */,
				E44DB3282BE3E34D00A72295 /* DailyReport V1UITests.xctest */,
			);
			name = Products;
			sourceTree = "<group>";
		};
		E44DB3102BE3E34900A72295 /* DailyReport V1 */ = {
			isa = PBXGroup;
			children = (
				E44DB3602BE3FA7700A72295 /* DailyReport-V1-Info.plist */,
				E44DB3132BE3E34900A72295 /* ContentView.swift */,
				E44DB3112BE3E34900A72295 /* DailyReport_V1App.swift */,
				E44DB3772BE417C000A72295 /* Authentications */,
				E44DB35A2BE3F98800A72295 /* Components */,
				E44DB35B2BE3F99300A72295 /* Extensions */,
				E44DB3592BE3F97600A72295 /* Model */,
				E44DB3572BE3F6D900A72295 /* Service */,
				E44DB3582BE3F6F700A72295 /* Systems */,
				E44DB3562BE3F6CC00A72295 /* Views */,
				E44DB3552BE3F6A800A72295 /* ViewModel */,
				E44DB3532BE3F59F00A72295 /* GoogleService-Info.plist */,
				E44DB3152BE3E34D00A72295 /* Assets.xcassets */,
				E44DB3172BE3E34D00A72295 /* Preview Content */,
			);
			path = "DailyReport V1";
			sourceTree = "<group>";
		};
		E44DB3172BE3E34D00A72295 /* Preview Content */ = {
			isa = PBXGroup;
			children = (
				E44DB3182BE3E34D00A72295 /* Preview Assets.xcassets */,
			);
			path = "Preview Content";
			sourceTree = "<group>";
		};
		E44DB3212BE3E34D00A72295 /* DailyReport V1Tests */ = {
			isa = PBXGroup;
			children = (
				E44DB3222BE3E34D00A72295 /* DailyReport_V1Tests.swift */,
			);
			path = "DailyReport V1Tests";
			sourceTree = "<group>";
		};
		E44DB32B2BE3E34D00A72295 /* DailyReport V1UITests */ = {
			isa = PBXGroup;
			children = (
				E44DB32C2BE3E34D00A72295 /* DailyReport_V1UITests.swift */,
				E44DB32E2BE3E34D00A72295 /* DailyReport_V1UITestsLaunchTests.swift */,
			);
			path = "DailyReport V1UITests";
			sourceTree = "<group>";
		};
		E44DB3442BE3F40600A72295 /* Frameworks */ = {
			isa = PBXGroup;
			children = (
			);
			name = Frameworks;
			sourceTree = "<group>";
		};
		E44DB3552BE3F6A800A72295 /* ViewModel */ = {
			isa = PBXGroup;
			children = (
				E44DB38C2BE4392F00A72295 /* ContentViewModel.swift */,
				E44DB38E2BE43BA300A72295 /* CurrentUserProfileViewModel.swift */,
				E44DB37E2BE41B8B00A72295 /* LoginViewModel.swift */,
				E4083E892BE93F87004CEBE9 /* DailyReportViewModel.swift */,
				E44DB3882BE437B900A72295 /* PotentialHazardViewModel.swift */,
				E41BCEFA2BE57794002A9256 /* ProjectViewModel.swift */,
				E44DB3802BE41C1700A72295 /* RegistrationViewModel.swift */,
			);
			path = ViewModel;
			sourceTree = "<group>";
		};
		E44DB3562BE3F6CC00A72295 /* Views */ = {
			isa = PBXGroup;
			children = (
				E4083E832BE93A9E004CEBE9 /* DailyReportCell.swift */,
				E4083E852BE93C0D004CEBE9 /* DailyReportCard.swift */,
				E4083E8B2BE98859004CEBE9 /* DailyReportView.swift */,
				E4083E872BE93F01004CEBE9 /* DailyReportSetUp.swift */,
				E4083E792BE926BA004CEBE9 /* FeedCellView.swift */,
				E4083E7D2BE92ADC004CEBE9 /* FeedView.swift */,
				E44DB3822BE4356E00A72295 /* MainTabView.swift */,
				E4083E912BE9914D004CEBE9 /* HazardDetailView.swift */,
				E4083E8F2BE98DBA004CEBE9 /* InsiteSafetyView.swift */,
				E4083E952BEA90B8004CEBE9 /* PotentialHazardView.swift */,
				E44DB3862BE4363A00A72295 /* ProjectSetup.swift */,
				E4083E7F2BE92BE3004CEBE9 /* ProjectDetailCell.swift */,
				E44DB38A2BE4386E00A72295 /* UserProfileView.swift */,
			);
			path = Views;
			sourceTree = "<group>";
		};
		E44DB3572BE3F6D900A72295 /* Service */ = {
			isa = PBXGroup;
			children = (
				E44DB3732BE400F800A72295 /* AuthService.swift */,
				E41BCEFC2BE578CD002A9256 /* ImageUploaderService.swift */,
				E44DB3752BE4013500A72295 /* UserService.swift */,
			);
			path = Service;
			sourceTree = "<group>";
		};
		E44DB3582BE3F6F700A72295 /* Systems */ = {
			isa = PBXGroup;
			children = (
				E4083E7B2BE928F3004CEBE9 /* DevelopPreview.swift */,
			);
			path = Systems;
			sourceTree = "<group>";
		};
		E44DB3592BE3F97600A72295 /* Model */ = {
			isa = PBXGroup;
			children = (
				E44DB3632BE3FB0200A72295 /* DailySiteModel.swift */,
				E44DB3652BE3FB7700A72295 /* ProjectModel.swift */,
				E44DB3612BE3FAA000A72295 /* UserModel.swift */,
				E4083E8D2BE98CEB004CEBE9 /* SafetyModel.swift */,
				E4083E932BEA8BEA004CEBE9 /* PotentialHazardModel.swift */,
			);
			path = Model;
			sourceTree = "<group>";
		};
		E44DB35A2BE3F98800A72295 /* Components */ = {
			isa = PBXGroup;
			children = (
				E44DB3672BE3FC0700A72295 /* CircularProfileImageView.swift */,
				E44DB3712BE400C200A72295 /* Constants.swift */,
				E41BCEFE2BE57A4F002A9256 /* ThreadsTextFieldModifier.swift */,
			);
			path = Components;
			sourceTree = "<group>";
		};
		E44DB35B2BE3F99300A72295 /* Extensions */ = {
			isa = PBXGroup;
			children = (
				E44DB36F2BE3FFB300A72295 /* AnimationButton.swift */,
				E44DB3692BE3FD3200A72295 /* CustomTextFieldButton.swift */,
				E4083E812BE931FC004CEBE9 /* GradientIconButton.swift */,
				E44DB36B2BE3FEA200A72295 /* ImagePicker.swift */,
				E44DB36D2BE3FEEA00A72295 /* ProjectMenuRow.swift */,
				E44DB35E2BE3FA3900A72295 /* TextFrameViewModifier.swift */,
				E44DB35C2BE3F9F300A72295 /* VisualEffectBlur.swift */,
			);
			path = Extensions;
			sourceTree = "<group>";
		};
		E44DB3772BE417C000A72295 /* Authentications */ = {
			isa = PBXGroup;
			children = (
				E44DB3782BE417E300A72295 /* LoginView.swift */,
				E44DB37A2BE417EE00A72295 /* RegistrationView.swift */,
				E44DB37C2BE4180100A72295 /* ResetPasswordView.swift */,
			);
			path = Authentications;
			sourceTree = "<group>";
		};
/* End PBXGroup section */

/* Begin PBXNativeTarget section */
		E44DB30D2BE3E34900A72295 /* DailyReport V1 */ = {
			isa = PBXNativeTarget;
			buildConfigurationList = E44DB3322BE3E34D00A72295 /* Build configuration list for PBXNativeTarget "DailyReport V1" */;
			buildPhases = (
				E44DB30A2BE3E34900A72295 /* Sources */,
				E44DB30B2BE3E34900A72295 /* Frameworks */,
				E44DB30C2BE3E34900A72295 /* Resources */,
			);
			buildRules = (
			);
			dependencies = (
			);
			name = "DailyReport V1";
			packageProductDependencies = (
				E44DB33C2BE3F25300A72295 /* GoogleSignIn */,
				E44DB33E2BE3F25300A72295 /* GoogleSignInSwift */,
				E44DB3412BE3F2A900A72295 /* Kingfisher */,
				E44DB3452BE3F40600A72295 /* FirebaseAuth */,
				E44DB3472BE3F40C00A72295 /* FirebaseDatabase */,
				E44DB3492BE3F41100A72295 /* FirebaseDatabaseSwift */,
				E44DB34B2BE3F41600A72295 /* FirebaseFirestore */,
				E44DB34D2BE3F41D00A72295 /* FirebaseFirestoreSwift */,
				E44DB34F2BE3F42600A72295 /* FirebaseStorage */,
			);
			productName = "DailyReport V1";
			productReference = E44DB30E2BE3E34900A72295 /* DailyReport V1.app */;
			productType = "com.apple.product-type.application";
		};
		E44DB31D2BE3E34D00A72295 /* DailyReport V1Tests */ = {
			isa = PBXNativeTarget;
			buildConfigurationList = E44DB3352BE3E34D00A72295 /* Build configuration list for PBXNativeTarget "DailyReport V1Tests" */;
			buildPhases = (
				E44DB31A2BE3E34D00A72295 /* Sources */,
				E44DB31B2BE3E34D00A72295 /* Frameworks */,
				E44DB31C2BE3E34D00A72295 /* Resources */,
			);
			buildRules = (
			);
			dependencies = (
				E44DB3202BE3E34D00A72295 /* PBXTargetDependency */,
			);
			name = "DailyReport V1Tests";
			productName = "DailyReport V1Tests";
			productReference = E44DB31E2BE3E34D00A72295 /* DailyReport V1Tests.xctest */;
			productType = "com.apple.product-type.bundle.unit-test";
		};
		E44DB3272BE3E34D00A72295 /* DailyReport V1UITests */ = {
			isa = PBXNativeTarget;
			buildConfigurationList = E44DB3382BE3E34D00A72295 /* Build configuration list for PBXNativeTarget "DailyReport V1UITests" */;
			buildPhases = (
				E44DB3242BE3E34D00A72295 /* Sources */,
				E44DB3252BE3E34D00A72295 /* Frameworks */,
				E44DB3262BE3E34D00A72295 /* Resources */,
			);
			buildRules = (
			);
			dependencies = (
				E44DB32A2BE3E34D00A72295 /* PBXTargetDependency */,
			);
			name = "DailyReport V1UITests";
			productName = "DailyReport V1UITests";
			productReference = E44DB3282BE3E34D00A72295 /* DailyReport V1UITests.xctest */;
			productType = "com.apple.product-type.bundle.ui-testing";
		};
/* End PBXNativeTarget section */

/* Begin PBXProject section */
		E44DB3062BE3E34900A72295 /* Project object */ = {
			isa = PBXProject;
			attributes = {
				BuildIndependentTargetsInParallel = 1;
				LastSwiftUpdateCheck = 1510;
				LastUpgradeCheck = 1510;
				TargetAttributes = {
					E44DB30D2BE3E34900A72295 = {
						CreatedOnToolsVersion = 15.1;
					};
					E44DB31D2BE3E34D00A72295 = {
						CreatedOnToolsVersion = 15.1;
						TestTargetID = E44DB30D2BE3E34900A72295;
					};
					E44DB3272BE3E34D00A72295 = {
						CreatedOnToolsVersion = 15.1;
						TestTargetID = E44DB30D2BE3E34900A72295;
					};
				};
			};
			buildConfigurationList = E44DB3092BE3E34900A72295 /* Build configuration list for PBXProject "DailyReport V1" */;
			compatibilityVersion = "Xcode 14.0";
			developmentRegion = en;
			hasScannedForEncodings = 0;
			knownRegions = (
				en,
				Base,
			);
			mainGroup = E44DB3052BE3E34900A72295;
			packageReferences = (
				E44DB33B2BE3F25300A72295 /* XCRemoteSwiftPackageReference "GoogleSignIn-iOS" */,
				E44DB3402BE3F2A900A72295 /* XCRemoteSwiftPackageReference "Kingfisher" */,
				E44DB3432BE3F36A00A72295 /* XCRemoteSwiftPackageReference "firebase-ios-sdk" */,
			);
			productRefGroup = E44DB30F2BE3E34900A72295 /* Products */;
			projectDirPath = "";
			projectRoot = "";
			targets = (
				E44DB30D2BE3E34900A72295 /* DailyReport V1 */,
				E44DB31D2BE3E34D00A72295 /* DailyReport V1Tests */,
				E44DB3272BE3E34D00A72295 /* DailyReport V1UITests */,
			);
		};
/* End PBXProject section */

/* Begin PBXResourcesBuildPhase section */
		E44DB30C2BE3E34900A72295 /* Resources */ = {
			isa = PBXResourcesBuildPhase;
			buildActionMask = 2147483647;
			files = (
				E44DB3192BE3E34D00A72295 /* Preview Assets.xcassets in Resources */,
				E44DB3162BE3E34D00A72295 /* Assets.xcassets in Resources */,
				E44DB3542BE3F59F00A72295 /* GoogleService-Info.plist in Resources */,
			);
			runOnlyForDeploymentPostprocessing = 0;
		};
		E44DB31C2BE3E34D00A72295 /* Resources */ = {
			isa = PBXResourcesBuildPhase;
			buildActionMask = 2147483647;
			files = (
			);
			runOnlyForDeploymentPostprocessing = 0;
		};
		E44DB3262BE3E34D00A72295 /* Resources */ = {
			isa = PBXResourcesBuildPhase;
			buildActionMask = 2147483647;
			files = (
			);
			runOnlyForDeploymentPostprocessing = 0;
		};
/* End PBXResourcesBuildPhase section */

/* Begin PBXSourcesBuildPhase section */
		E44DB30A2BE3E34900A72295 /* Sources */ = {
			isa = PBXSourcesBuildPhase;
			buildActionMask = 2147483647;
			files = (
				E4083E7C2BE928F3004CEBE9 /* DevelopPreview.swift in Sources */,
				E4083E962BEA90B8004CEBE9 /* PotentialHazardView.swift in Sources */,
				E41BCEFB2BE57794002A9256 /* ProjectViewModel.swift in Sources */,
				E44DB3702BE3FFB300A72295 /* AnimationButton.swift in Sources */,
				E4083E922BE9914D004CEBE9 /* HazardDetailView.swift in Sources */,
				E44DB3642BE3FB0200A72295 /* DailySiteModel.swift in Sources */,
				E44DB35F2BE3FA3900A72295 /* TextFrameViewModifier.swift in Sources */,
				E44DB3872BE4363A00A72295 /* ProjectSetup.swift in Sources */,
				E44DB37D2BE4180100A72295 /* ResetPasswordView.swift in Sources */,
				E4083E7A2BE926BA004CEBE9 /* FeedCellView.swift in Sources */,
				E4083E862BE93C0D004CEBE9 /* DailyReportCard.swift in Sources */,
				E44DB36A2BE3FD3200A72295 /* CustomTextFieldButton.swift in Sources */,
				E4083E8C2BE98859004CEBE9 /* DailyReportView.swift in Sources */,
				E41BCEFD2BE578CD002A9256 /* ImageUploaderService.swift in Sources */,
				E44DB3812BE41C1700A72295 /* RegistrationViewModel.swift in Sources */,
				E44DB38F2BE43BA300A72295 /* CurrentUserProfileViewModel.swift in Sources */,
				E44DB3662BE3FB7700A72295 /* ProjectModel.swift in Sources */,
				E41BCEFF2BE57A4F002A9256 /* ThreadsTextFieldModifier.swift in Sources */,
				E44DB37B2BE417EE00A72295 /* RegistrationView.swift in Sources */,
				E44DB35D2BE3F9F300A72295 /* VisualEffectBlur.swift in Sources */,
				E44DB3142BE3E34900A72295 /* ContentView.swift in Sources */,
				E44DB3722BE400C200A72295 /* Constants.swift in Sources */,
				E44DB3832BE4356E00A72295 /* MainTabView.swift in Sources */,
				E4083E822BE931FC004CEBE9 /* GradientIconButton.swift in Sources */,
				E44DB38D2BE4392F00A72295 /* ContentViewModel.swift in Sources */,
				E44DB36E2BE3FEEA00A72295 /* ProjectMenuRow.swift in Sources */,
				E44DB38B2BE4386E00A72295 /* UserProfileView.swift in Sources */,
				E44DB3622BE3FAA000A72295 /* UserModel.swift in Sources */,
				E44DB36C2BE3FEA200A72295 /* ImagePicker.swift in Sources */,
				E4083E8A2BE93F87004CEBE9 /* DailyReportViewModel.swift in Sources */,
				E44DB3762BE4013500A72295 /* UserService.swift in Sources */,
				E44DB3892BE437B900A72295 /* PotentialHazardViewModel.swift in Sources */,
				E44DB3122BE3E34900A72295 /* DailyReport_V1App.swift in Sources */,
				E4083E882BE93F01004CEBE9 /* DailyReportSetUp.swift in Sources */,
				E4083E902BE98DBA004CEBE9 /* InsiteSafetyView.swift in Sources */,
				E4083E942BEA8BEA004CEBE9 /* PotentialHazardModel.swift in Sources */,
				E4083E7E2BE92ADC004CEBE9 /* FeedView.swift in Sources */,
				E4083E8E2BE98CEB004CEBE9 /* SafetyModel.swift in Sources */,
				E44DB3682BE3FC0700A72295 /* CircularProfileImageView.swift in Sources */,
				E4083E842BE93A9E004CEBE9 /* DailyReportCell.swift in Sources */,
				E4083E802BE92BE3004CEBE9 /* ProjectDetailCell.swift in Sources */,
				E44DB3792BE417E300A72295 /* LoginView.swift in Sources */,
				E44DB37F2BE41B8B00A72295 /* LoginViewModel.swift in Sources */,
				E44DB3742BE400F800A72295 /* AuthService.swift in Sources */,
			);
			runOnlyForDeploymentPostprocessing = 0;
		};
		E44DB31A2BE3E34D00A72295 /* Sources */ = {
			isa = PBXSourcesBuildPhase;
			buildActionMask = 2147483647;
			files = (
				E44DB3232BE3E34D00A72295 /* DailyReport_V1Tests.swift in Sources */,
			);
			runOnlyForDeploymentPostprocessing = 0;
		};
		E44DB3242BE3E34D00A72295 /* Sources */ = {
			isa = PBXSourcesBuildPhase;
			buildActionMask = 2147483647;
			files = (
				E44DB32D2BE3E34D00A72295 /* DailyReport_V1UITests.swift in Sources */,
				E44DB32F2BE3E34D00A72295 /* DailyReport_V1UITestsLaunchTests.swift in Sources */,
			);
			runOnlyForDeploymentPostprocessing = 0;
		};
/* End PBXSourcesBuildPhase section */

/* Begin PBXTargetDependency section */
		E44DB3202BE3E34D00A72295 /* PBXTargetDependency */ = {
			isa = PBXTargetDependency;
			target = E44DB30D2BE3E34900A72295 /* DailyReport V1 */;
			targetProxy = E44DB31F2BE3E34D00A72295 /* PBXContainerItemProxy */;
		};
		E44DB32A2BE3E34D00A72295 /* PBXTargetDependency */ = {
			isa = PBXTargetDependency;
			target = E44DB30D2BE3E34900A72295 /* DailyReport V1 */;
			targetProxy = E44DB3292BE3E34D00A72295 /* PBXContainerItemProxy */;
		};
/* End PBXTargetDependency section */

/* Begin XCBuildConfiguration section */
		E44DB3302BE3E34D00A72295 /* Debug */ = {
			isa = XCBuildConfiguration;
			buildSettings = {
				ALWAYS_SEARCH_USER_PATHS = NO;
				ASSETCATALOG_COMPILER_GENERATE_SWIFT_ASSET_SYMBOL_EXTENSIONS = YES;
				CLANG_ANALYZER_NONNULL = YES;
				CLANG_ANALYZER_NUMBER_OBJECT_CONVERSION = YES_AGGRESSIVE;
				CLANG_CXX_LANGUAGE_STANDARD = "gnu++20";
				CLANG_ENABLE_MODULES = YES;
				CLANG_ENABLE_OBJC_ARC = YES;
				CLANG_ENABLE_OBJC_WEAK = YES;
				CLANG_WARN_BLOCK_CAPTURE_AUTORELEASING = YES;
				CLANG_WARN_BOOL_CONVERSION = YES;
				CLANG_WARN_COMMA = YES;
				CLANG_WARN_CONSTANT_CONVERSION = YES;
				CLANG_WARN_DEPRECATED_OBJC_IMPLEMENTATIONS = YES;
				CLANG_WARN_DIRECT_OBJC_ISA_USAGE = YES_ERROR;
				CLANG_WARN_DOCUMENTATION_COMMENTS = YES;
				CLANG_WARN_EMPTY_BODY = YES;
				CLANG_WARN_ENUM_CONVERSION = YES;
				CLANG_WARN_INFINITE_RECURSION = YES;
				CLANG_WARN_INT_CONVERSION = YES;
				CLANG_WARN_NON_LITERAL_NULL_CONVERSION = YES;
				CLANG_WARN_OBJC_IMPLICIT_RETAIN_SELF = YES;
				CLANG_WARN_OBJC_LITERAL_CONVERSION = YES;
				CLANG_WARN_OBJC_ROOT_CLASS = YES_ERROR;
				CLANG_WARN_QUOTED_INCLUDE_IN_FRAMEWORK_HEADER = YES;
				CLANG_WARN_RANGE_LOOP_ANALYSIS = YES;
				CLANG_WARN_STRICT_PROTOTYPES = YES;
				CLANG_WARN_SUSPICIOUS_MOVE = YES;
				CLANG_WARN_UNGUARDED_AVAILABILITY = YES_AGGRESSIVE;
				CLANG_WARN_UNREACHABLE_CODE = YES;
				CLANG_WARN__DUPLICATE_METHOD_MATCH = YES;
				COPY_PHASE_STRIP = NO;
				DEBUG_INFORMATION_FORMAT = dwarf;
				ENABLE_STRICT_OBJC_MSGSEND = YES;
				ENABLE_TESTABILITY = YES;
				ENABLE_USER_SCRIPT_SANDBOXING = YES;
				GCC_C_LANGUAGE_STANDARD = gnu17;
				GCC_DYNAMIC_NO_PIC = NO;
				GCC_NO_COMMON_BLOCKS = YES;
				GCC_OPTIMIZATION_LEVEL = 0;
				GCC_PREPROCESSOR_DEFINITIONS = (
					"DEBUG=1",
					"$(inherited)",
				);
				GCC_WARN_64_TO_32_BIT_CONVERSION = YES;
				GCC_WARN_ABOUT_RETURN_TYPE = YES_ERROR;
				GCC_WARN_UNDECLARED_SELECTOR = YES;
				GCC_WARN_UNINITIALIZED_AUTOS = YES_AGGRESSIVE;
				GCC_WARN_UNUSED_FUNCTION = YES;
				GCC_WARN_UNUSED_VARIABLE = YES;
				IPHONEOS_DEPLOYMENT_TARGET = 17.2;
				LOCALIZATION_PREFERS_STRING_CATALOGS = YES;
				MTL_ENABLE_DEBUG_INFO = INCLUDE_SOURCE;
				MTL_FAST_MATH = YES;
				ONLY_ACTIVE_ARCH = YES;
				SDKROOT = iphoneos;
				SWIFT_ACTIVE_COMPILATION_CONDITIONS = "DEBUG $(inherited)";
				SWIFT_OPTIMIZATION_LEVEL = "-Onone";
			};
			name = Debug;
		};
		E44DB3312BE3E34D00A72295 /* Release */ = {
			isa = XCBuildConfiguration;
			buildSettings = {
				ALWAYS_SEARCH_USER_PATHS = NO;
				ASSETCATALOG_COMPILER_GENERATE_SWIFT_ASSET_SYMBOL_EXTENSIONS = YES;
				CLANG_ANALYZER_NONNULL = YES;
				CLANG_ANALYZER_NUMBER_OBJECT_CONVERSION = YES_AGGRESSIVE;
				CLANG_CXX_LANGUAGE_STANDARD = "gnu++20";
				CLANG_ENABLE_MODULES = YES;
				CLANG_ENABLE_OBJC_ARC = YES;
				CLANG_ENABLE_OBJC_WEAK = YES;
				CLANG_WARN_BLOCK_CAPTURE_AUTORELEASING = YES;
				CLANG_WARN_BOOL_CONVERSION = YES;
				CLANG_WARN_COMMA = YES;
				CLANG_WARN_CONSTANT_CONVERSION = YES;
				CLANG_WARN_DEPRECATED_OBJC_IMPLEMENTATIONS = YES;
				CLANG_WARN_DIRECT_OBJC_ISA_USAGE = YES_ERROR;
				CLANG_WARN_DOCUMENTATION_COMMENTS = YES;
				CLANG_WARN_EMPTY_BODY = YES;
				CLANG_WARN_ENUM_CONVERSION = YES;
				CLANG_WARN_INFINITE_RECURSION = YES;
				CLANG_WARN_INT_CONVERSION = YES;
				CLANG_WARN_NON_LITERAL_NULL_CONVERSION = YES;
				CLANG_WARN_OBJC_IMPLICIT_RETAIN_SELF = YES;
				CLANG_WARN_OBJC_LITERAL_CONVERSION = YES;
				CLANG_WARN_OBJC_ROOT_CLASS = YES_ERROR;
				CLANG_WARN_QUOTED_INCLUDE_IN_FRAMEWORK_HEADER = YES;
				CLANG_WARN_RANGE_LOOP_ANALYSIS = YES;
				CLANG_WARN_STRICT_PROTOTYPES = YES;
				CLANG_WARN_SUSPICIOUS_MOVE = YES;
				CLANG_WARN_UNGUARDED_AVAILABILITY = YES_AGGRESSIVE;
				CLANG_WARN_UNREACHABLE_CODE = YES;
				CLANG_WARN__DUPLICATE_METHOD_MATCH = YES;
				COPY_PHASE_STRIP = NO;
				DEBUG_INFORMATION_FORMAT = "dwarf-with-dsym";
				ENABLE_NS_ASSERTIONS = NO;
				ENABLE_STRICT_OBJC_MSGSEND = YES;
				ENABLE_USER_SCRIPT_SANDBOXING = YES;
				GCC_C_LANGUAGE_STANDARD = gnu17;
				GCC_NO_COMMON_BLOCKS = YES;
				GCC_WARN_64_TO_32_BIT_CONVERSION = YES;
				GCC_WARN_ABOUT_RETURN_TYPE = YES_ERROR;
				GCC_WARN_UNDECLARED_SELECTOR = YES;
				GCC_WARN_UNINITIALIZED_AUTOS = YES_AGGRESSIVE;
				GCC_WARN_UNUSED_FUNCTION = YES;
				GCC_WARN_UNUSED_VARIABLE = YES;
				IPHONEOS_DEPLOYMENT_TARGET = 17.2;
				LOCALIZATION_PREFERS_STRING_CATALOGS = YES;
				MTL_ENABLE_DEBUG_INFO = NO;
				MTL_FAST_MATH = YES;
				SDKROOT = iphoneos;
				SWIFT_COMPILATION_MODE = wholemodule;
				VALIDATE_PRODUCT = YES;
			};
			name = Release;
		};
		E44DB3332BE3E34D00A72295 /* Debug */ = {
			isa = XCBuildConfiguration;
			buildSettings = {
				ASSETCATALOG_COMPILER_APPICON_NAME = AppIcon;
				ASSETCATALOG_COMPILER_GLOBAL_ACCENT_COLOR_NAME = AccentColor;
				CODE_SIGN_STYLE = Automatic;
				CURRENT_PROJECT_VERSION = 1;
				DEVELOPMENT_ASSET_PATHS = "\"DailyReport V1/Preview Content\"";
				DEVELOPMENT_TEAM = P245NB73JW;
				ENABLE_PREVIEWS = YES;
				GENERATE_INFOPLIST_FILE = YES;
				INFOPLIST_FILE = "DailyReport-V1-Info.plist";
				INFOPLIST_KEY_UIApplicationSceneManifest_Generation = YES;
				INFOPLIST_KEY_UIApplicationSupportsIndirectInputEvents = YES;
				INFOPLIST_KEY_UILaunchScreen_Generation = YES;
				INFOPLIST_KEY_UISupportedInterfaceOrientations_iPad = "UIInterfaceOrientationPortrait UIInterfaceOrientationPortraitUpsideDown UIInterfaceOrientationLandscapeLeft UIInterfaceOrientationLandscapeRight";
				INFOPLIST_KEY_UISupportedInterfaceOrientations_iPhone = "UIInterfaceOrientationPortrait UIInterfaceOrientationLandscapeLeft UIInterfaceOrientationLandscapeRight";
				LD_RUNPATH_SEARCH_PATHS = (
					"$(inherited)",
					"@executable_path/Frameworks",
				);
				MARKETING_VERSION = 1.0;
				PRODUCT_BUNDLE_IDENTIFIER = "com.DailyReport-V1";
				PRODUCT_NAME = "$(TARGET_NAME)";
				SWIFT_EMIT_LOC_STRINGS = YES;
				SWIFT_VERSION = 5.0;
				TARGETED_DEVICE_FAMILY = "1,2";
			};
			name = Debug;
		};
		E44DB3342BE3E34D00A72295 /* Release */ = {
			isa = XCBuildConfiguration;
			buildSettings = {
				ASSETCATALOG_COMPILER_APPICON_NAME = AppIcon;
				ASSETCATALOG_COMPILER_GLOBAL_ACCENT_COLOR_NAME = AccentColor;
				CODE_SIGN_STYLE = Automatic;
				CURRENT_PROJECT_VERSION = 1;
				DEVELOPMENT_ASSET_PATHS = "\"DailyReport V1/Preview Content\"";
				DEVELOPMENT_TEAM = P245NB73JW;
				ENABLE_PREVIEWS = YES;
				GENERATE_INFOPLIST_FILE = YES;
				INFOPLIST_FILE = "DailyReport-V1-Info.plist";
				INFOPLIST_KEY_UIApplicationSceneManifest_Generation = YES;
				INFOPLIST_KEY_UIApplicationSupportsIndirectInputEvents = YES;
				INFOPLIST_KEY_UILaunchScreen_Generation = YES;
				INFOPLIST_KEY_UISupportedInterfaceOrientations_iPad = "UIInterfaceOrientationPortrait UIInterfaceOrientationPortraitUpsideDown UIInterfaceOrientationLandscapeLeft UIInterfaceOrientationLandscapeRight";
				INFOPLIST_KEY_UISupportedInterfaceOrientations_iPhone = "UIInterfaceOrientationPortrait UIInterfaceOrientationLandscapeLeft UIInterfaceOrientationLandscapeRight";
				LD_RUNPATH_SEARCH_PATHS = (
					"$(inherited)",
					"@executable_path/Frameworks",
				);
				MARKETING_VERSION = 1.0;
				PRODUCT_BUNDLE_IDENTIFIER = "com.DailyReport-V1";
				PRODUCT_NAME = "$(TARGET_NAME)";
				SWIFT_EMIT_LOC_STRINGS = YES;
				SWIFT_VERSION = 5.0;
				TARGETED_DEVICE_FAMILY = "1,2";
			};
			name = Release;
		};
		E44DB3362BE3E34D00A72295 /* Debug */ = {
			isa = XCBuildConfiguration;
			buildSettings = {
				ALWAYS_EMBED_SWIFT_STANDARD_LIBRARIES = YES;
				BUNDLE_LOADER = "$(TEST_HOST)";
				CODE_SIGN_STYLE = Automatic;
				CURRENT_PROJECT_VERSION = 1;
				DEVELOPMENT_TEAM = P245NB73JW;
				GENERATE_INFOPLIST_FILE = YES;
				IPHONEOS_DEPLOYMENT_TARGET = 17.2;
				MARKETING_VERSION = 1.0;
				PRODUCT_BUNDLE_IDENTIFIER = "com.DailyReport-V1Tests";
				PRODUCT_NAME = "$(TARGET_NAME)";
				SWIFT_EMIT_LOC_STRINGS = NO;
				SWIFT_VERSION = 5.0;
				TARGETED_DEVICE_FAMILY = "1,2";
				TEST_HOST = "$(BUILT_PRODUCTS_DIR)/DailyReport V1.app/$(BUNDLE_EXECUTABLE_FOLDER_PATH)/DailyReport V1";
			};
			name = Debug;
		};
		E44DB3372BE3E34D00A72295 /* Release */ = {
			isa = XCBuildConfiguration;
			buildSettings = {
				ALWAYS_EMBED_SWIFT_STANDARD_LIBRARIES = YES;
				BUNDLE_LOADER = "$(TEST_HOST)";
				CODE_SIGN_STYLE = Automatic;
				CURRENT_PROJECT_VERSION = 1;
				DEVELOPMENT_TEAM = P245NB73JW;
				GENERATE_INFOPLIST_FILE = YES;
				IPHONEOS_DEPLOYMENT_TARGET = 17.2;
				MARKETING_VERSION = 1.0;
				PRODUCT_BUNDLE_IDENTIFIER = "com.DailyReport-V1Tests";
				PRODUCT_NAME = "$(TARGET_NAME)";
				SWIFT_EMIT_LOC_STRINGS = NO;
				SWIFT_VERSION = 5.0;
				TARGETED_DEVICE_FAMILY = "1,2";
				TEST_HOST = "$(BUILT_PRODUCTS_DIR)/DailyReport V1.app/$(BUNDLE_EXECUTABLE_FOLDER_PATH)/DailyReport V1";
			};
			name = Release;
		};
		E44DB3392BE3E34D00A72295 /* Debug */ = {
			isa = XCBuildConfiguration;
			buildSettings = {
				ALWAYS_EMBED_SWIFT_STANDARD_LIBRARIES = YES;
				CODE_SIGN_STYLE = Automatic;
				CURRENT_PROJECT_VERSION = 1;
				DEVELOPMENT_TEAM = P245NB73JW;
				GENERATE_INFOPLIST_FILE = YES;
				MARKETING_VERSION = 1.0;
				PRODUCT_BUNDLE_IDENTIFIER = "com.DailyReport-V1UITests";
				PRODUCT_NAME = "$(TARGET_NAME)";
				SWIFT_EMIT_LOC_STRINGS = NO;
				SWIFT_VERSION = 5.0;
				TARGETED_DEVICE_FAMILY = "1,2";
				TEST_TARGET_NAME = "DailyReport V1";
			};
			name = Debug;
		};
		E44DB33A2BE3E34D00A72295 /* Release */ = {
			isa = XCBuildConfiguration;
			buildSettings = {
				ALWAYS_EMBED_SWIFT_STANDARD_LIBRARIES = YES;
				CODE_SIGN_STYLE = Automatic;
				CURRENT_PROJECT_VERSION = 1;
				DEVELOPMENT_TEAM = P245NB73JW;
				GENERATE_INFOPLIST_FILE = YES;
				MARKETING_VERSION = 1.0;
				PRODUCT_BUNDLE_IDENTIFIER = "com.DailyReport-V1UITests";
				PRODUCT_NAME = "$(TARGET_NAME)";
				SWIFT_EMIT_LOC_STRINGS = NO;
				SWIFT_VERSION = 5.0;
				TARGETED_DEVICE_FAMILY = "1,2";
				TEST_TARGET_NAME = "DailyReport V1";
			};
			name = Release;
		};
/* End XCBuildConfiguration section */

/* Begin XCConfigurationList section */
		E44DB3092BE3E34900A72295 /* Build configuration list for PBXProject "DailyReport V1" */ = {
			isa = XCConfigurationList;
			buildConfigurations = (
				E44DB3302BE3E34D00A72295 /* Debug */,
				E44DB3312BE3E34D00A72295 /* Release */,
			);
			defaultConfigurationIsVisible = 0;
			defaultConfigurationName = Release;
		};
		E44DB3322BE3E34D00A72295 /* Build configuration list for PBXNativeTarget "DailyReport V1" */ = {
			isa = XCConfigurationList;
			buildConfigurations = (
				E44DB3332BE3E34D00A72295 /* Debug */,
				E44DB3342BE3E34D00A72295 /* Release */,
			);
			defaultConfigurationIsVisible = 0;
			defaultConfigurationName = Release;
		};
		E44DB3352BE3E34D00A72295 /* Build configuration list for PBXNativeTarget "DailyReport V1Tests" */ = {
			isa = XCConfigurationList;
			buildConfigurations = (
				E44DB3362BE3E34D00A72295 /* Debug */,
				E44DB3372BE3E34D00A72295 /* Release */,
			);
			defaultConfigurationIsVisible = 0;
			defaultConfigurationName = Release;
		};
		E44DB3382BE3E34D00A72295 /* Build configuration list for PBXNativeTarget "DailyReport V1UITests" */ = {
			isa = XCConfigurationList;
			buildConfigurations = (
				E44DB3392BE3E34D00A72295 /* Debug */,
				E44DB33A2BE3E34D00A72295 /* Release */,
			);
			defaultConfigurationIsVisible = 0;
			defaultConfigurationName = Release;
		};
/* End XCConfigurationList section */

/* Begin XCRemoteSwiftPackageReference section */
		E44DB33B2BE3F25300A72295 /* XCRemoteSwiftPackageReference "GoogleSignIn-iOS" */ = {
			isa = XCRemoteSwiftPackageReference;
			repositoryURL = "https://github.com/google/GoogleSignIn-iOS";
			requirement = {
				kind = upToNextMajorVersion;
				minimumVersion = 7.1.0;
			};
		};
		E44DB3402BE3F2A900A72295 /* XCRemoteSwiftPackageReference "Kingfisher" */ = {
			isa = XCRemoteSwiftPackageReference;
			repositoryURL = "https://github.com/onevcat/Kingfisher";
			requirement = {
				kind = upToNextMajorVersion;
				minimumVersion = 7.11.0;
			};
		};
		E44DB3432BE3F36A00A72295 /* XCRemoteSwiftPackageReference "firebase-ios-sdk" */ = {
			isa = XCRemoteSwiftPackageReference;
			repositoryURL = "https://github.com/firebase/firebase-ios-sdk";
			requirement = {
				kind = upToNextMinorVersion;
				minimumVersion = 10.25.0;
			};
		};
/* End XCRemoteSwiftPackageReference section */

/* Begin XCSwiftPackageProductDependency section */
		E44DB33C2BE3F25300A72295 /* GoogleSignIn */ = {
			isa = XCSwiftPackageProductDependency;
			package = E44DB33B2BE3F25300A72295 /* XCRemoteSwiftPackageReference "GoogleSignIn-iOS" */;
			productName = GoogleSignIn;
		};
		E44DB33E2BE3F25300A72295 /* GoogleSignInSwift */ = {
			isa = XCSwiftPackageProductDependency;
			package = E44DB33B2BE3F25300A72295 /* XCRemoteSwiftPackageReference "GoogleSignIn-iOS" */;
			productName = GoogleSignInSwift;
		};
		E44DB3412BE3F2A900A72295 /* Kingfisher */ = {
			isa = XCSwiftPackageProductDependency;
			package = E44DB3402BE3F2A900A72295 /* XCRemoteSwiftPackageReference "Kingfisher" */;
			productName = Kingfisher;
		};
		E44DB3452BE3F40600A72295 /* FirebaseAuth */ = {
			isa = XCSwiftPackageProductDependency;
			package = E44DB3432BE3F36A00A72295 /* XCRemoteSwiftPackageReference "firebase-ios-sdk" */;
			productName = FirebaseAuth;
		};
		E44DB3472BE3F40C00A72295 /* FirebaseDatabase */ = {
			isa = XCSwiftPackageProductDependency;
			package = E44DB3432BE3F36A00A72295 /* XCRemoteSwiftPackageReference "firebase-ios-sdk" */;
			productName = FirebaseDatabase;
		};
		E44DB3492BE3F41100A72295 /* FirebaseDatabaseSwift */ = {
			isa = XCSwiftPackageProductDependency;
			package = E44DB3432BE3F36A00A72295 /* XCRemoteSwiftPackageReference "firebase-ios-sdk" */;
			productName = FirebaseDatabaseSwift;
		};
		E44DB34B2BE3F41600A72295 /* FirebaseFirestore */ = {
			isa = XCSwiftPackageProductDependency;
			package = E44DB3432BE3F36A00A72295 /* XCRemoteSwiftPackageReference "firebase-ios-sdk" */;
			productName = FirebaseFirestore;
		};
		E44DB34D2BE3F41D00A72295 /* FirebaseFirestoreSwift */ = {
			isa = XCSwiftPackageProductDependency;
			package = E44DB3432BE3F36A00A72295 /* XCRemoteSwiftPackageReference "firebase-ios-sdk" */;
			productName = FirebaseFirestoreSwift;
		};
		E44DB34F2BE3F42600A72295 /* FirebaseStorage */ = {
			isa = XCSwiftPackageProductDependency;
			package = E44DB3432BE3F36A00A72295 /* XCRemoteSwiftPackageReference "firebase-ios-sdk" */;
			productName = FirebaseStorage;
		};
/* End XCSwiftPackageProductDependency section */
	};
	rootObject = E44DB3062BE3E34900A72295 /* Project object */;
}
